
Microsoft Visual Studio Solution File, Format Version 12.00
# Visual Studio Version 17
VisualStudioVersion = 17.7.34003.232
MinimumVisualStudioVersion = 10.0.40219.1
Project("{FAE04EC0-301F-11D3-BF4B-00C04F79EFBC}") = "partialViewTest", "partialViewTest.csproj", "{FF252532-EFFB-4F6D-9D29-CAEB8A36E787}"
EndProject
Global
	GlobalSection(SolutionConfigurationPlatforms) = preSolution
		Debug|Any CPU = Debug|Any CPU
		Release|Any CPU = Release|Any CPU
	EndGlobalSection
	GlobalSection(ProjectConfigurationPlatforms) = postSolution
		{FF252532-EFFB-4F6D-9D29-CAEB8A36E787}.Debug|Any CPU.ActiveCfg = Debug|Any CPU
		{FF252532-EFFB-4F6D-9D29-CAEB8A36E787}.Debug|Any CPU.Build.0 = Debug|Any CPU
		{FF252532-EFFB-4F6D-9D29-CAEB8A36E787}.Release|Any CPU.ActiveCfg = Release|Any CPU
		{FF252532-EFFB-4F6D-9D29-CAEB8A36E787}.Release|Any CPU.Build.0 = Release|Any CPU
	EndGlobalSection
	GlobalSection(SolutionProperties) = preSolution
		HideSolutionNode = FALSE
	EndGlobalSection
	GlobalSection(ExtensibilityGlobals) = postSolution
		SolutionGuid = {B181D4FF-19FA-4907-A279-03526083F934}
	EndGlobalSection
EndGlobal
